// !$*UTF8*$!
{
	archiveVersion = 1;
	classes = {
	};
	objectVersion = 56;
	objects = {

/* Begin PBXBuildFile section */
		667D90ABE77D42DA925E6854 /* HazardDetectionApp.swift in Sources */ = {isa = PBXBuildFile; fileRef = BB611801D3C7438285AFF449 /* HazardDetectionApp.swift */; };
		8B4052240941406EA6645502 /* ContentView.swift in Sources */ = {isa = PBXBuildFile; fileRef = AA80F82E378344D6BFBA9D2F /* ContentView.swift */; };
		D5347692CA0C456B9C5BDCA4 /* CameraManager.swift in Sources */ = {isa = PBXBuildFile; fileRef = 9084636D296D48D9B4EF38F9 /* CameraManager.swift */; };
		B817071E9E2C438E90A971B6 /* CameraView.swift in Sources */ = {isa = PBXBuildFile; fileRef = 813E98C0C8DF43ADBEADD763 /* CameraView.swift */; };
		24A686CDCF6547BDAFFF8C81 /* DesignSystem.swift in Sources */ = {isa = PBXBuildFile; fileRef = 95E9D3A0967E476D85E5EDBC /* DesignSystem.swift */; };
		71E1528EFDE94F9599998C7E /* LiveDetectionView.swift in Sources */ = {isa = PBXBuildFile; fileRef = 2219BA9723A748C49FE282F6 /* LiveDetectionView.swift */; };
		128A23A4F40845A7B693A623 /* BackendServices.swift in Sources */ = {isa = PBXBuildFile; fileRef = 3F38182CC6D14660B775F9A4 /* BackendServices.swift */; };
		FF53EB584B0849679AF1B4CB /* AuthManager.swift in Sources */ = {isa = PBXBuildFile; fileRef = 2C81C600A9D142098D9D0556 /* AuthManager.swift */; };
		54466B8DDBBD449D81144085 /* AuthenticationView.swift in Sources */ = {isa = PBXBuildFile; fileRef = 2F08150D361048B88A0543CE /* AuthenticationView.swift */; };
		15F2C867CD6B4D3399F07C92 /* CloudinaryService.swift in Sources */ = {isa = PBXBuildFile; fileRef = 98924375280E478EA1028A02 /* CloudinaryService.swift */; };
		E4B368E6FE1B46EDBCB513A0 /* DashboardView.swift in Sources */ = {isa = PBXBuildFile; fileRef = 7B9F31AC25924FA9864DDC4B /* DashboardView.swift */; };
		1C4569CA12164F7E9EA27D14 /* GeocodingService.swift in Sources */ = {isa = PBXBuildFile; fileRef = DBB97587B1CB479188D1CCAE /* GeocodingService.swift */; };
		A26747CC520F43C99194242F /* LocationManager.swift in Sources */ = {isa = PBXBuildFile; fileRef = 3CACE446AF244DBC92E47542 /* LocationManager.swift */; };
		6E0330114B3A4DFC8D838DA0 /* MainTabView.swift in Sources */ = {isa = PBXBuildFile; fileRef = 4C159C1BA79946B895BE6BDA /* MainTabView.swift */; };
		654A0C1899F140B9AD8459D4 /* Models.swift in Sources */ = {isa = PBXBuildFile; fileRef = 092A4EA059594F548750B3BF /* Models.swift */; };
		D0FE72DCA7964E86AD7ABBD4 /* ReportDetailView.swift in Sources */ = {isa = PBXBuildFile; fileRef = 0EB3406F9459414ABA8B5106 /* ReportDetailView.swift */; };
		9B99E0DB60F546418AE6A3A8 /* SettingsView.swift in Sources */ = {isa = PBXBuildFile; fileRef = CC2765EA12FE4147997A2863 /* SettingsView.swift */; };
		C3335C3FF7544A609814C065 /* UIComponents.swift in Sources */ = {isa = PBXBuildFile; fileRef = 64BD74164D56493BBD94019B /* UIComponents.swift */; };
		2F26F22A30F74AC593DCBEE0 /* UploadReportView.swift in Sources */ = {isa = PBXBuildFile; fileRef = BB1B355F469B45B388C41344 /* UploadReportView.swift */; };
		948F5E59D70B475581B94DB8 /* Reporting/ReportDraft.swift in Sources */ = {isa = PBXBuildFile; fileRef = F86D36F269CE49B1A6960923 /* Reporting/ReportDraft.swift */; };
		10BE14F8DE3E4EA8A313B625 /* Reporting/ReportValidationPolicy.swift in Sources */ = {isa = PBXBuildFile; fileRef = 965E57AC853340049D6445D6 /* Reporting/ReportValidationPolicy.swift */; };
		43665F6AD6884276B3F2FF26 /* Reporting/ReportImagePreparer.swift in Sources */ = {isa = PBXBuildFile; fileRef = 59F0868B32AC4F68BE8073A5 /* Reporting/ReportImagePreparer.swift */; };
		6011B318DE344320B611B549 /* Reporting/ReportPayloadBuilder.swift in Sources */ = {isa = PBXBuildFile; fileRef = AE8C1CF675AA4E0F8AAB94C5 /* Reporting/ReportPayloadBuilder.swift */; };
		642DD725CBD84668B3E09631 /* Reporting/ReportCreationService.swift in Sources */ = {isa = PBXBuildFile; fileRef = 3E205178050B4076B0B3E392 /* Reporting/ReportCreationService.swift */; };
		D01461254D49415BACB04564 /* best.mlpackage in Resources */ = {isa = PBXBuildFile; fileRef = C4A4090AE19D41AF85ED415F /* best.mlpackage */; };
		D37867221BB04B39B772955F /* best.mlmodelc in Resources */ = {isa = PBXBuildFile; fileRef = 48B23376AA6A44159E8DE1F5 /* best.mlmodelc */; };
		4CE2B5CA8362483EBC7083DA /* Assets.xcassets in Resources */ = {isa = PBXBuildFile; fileRef = 17D943B3A8FA4963B6C3FA13 /* Assets.xcassets */; };
		C52129816337420A8805FDB4 /* GoogleService-Info.plist in Resources */ = {isa = PBXBuildFile; fileRef = D005E62AC0094217AAD13028 /* GoogleService-Info.plist */; };
		C41746F1F1D149079FF37637 /* dashboard_map.png in Resources */ = {isa = PBXBuildFile; fileRef = 7A97F8237DD44BE892488F8D /* dashboard_map.png */; };
		BF4C69031B2A4ABAA09687D9 /* report_table.png in Resources */ = {isa = PBXBuildFile; fileRef = A153992331424E18BBF02F09 /* report_table.png */; };
		0D6B56FE29554A54B30CD2EC /* static_detection.png in Resources */ = {isa = PBXBuildFile; fileRef = 93D72B7F73FA4052BB272D5A /* static_detection.png */; };
		151AFE9CFB8A4ED68FC0BA22 /* FirebaseCore in Frameworks */ = {isa = PBXBuildFile; productRef = 287987961324499292A6873B /* FirebaseCore */; };
		82904617AF1347E186F67FFB /* FirebaseAuth in Frameworks */ = {isa = PBXBuildFile; productRef = 7C4348CD1FA34C35AF4F24C4 /* FirebaseAuth */; };
		03BF1C2C608A4F189A0580FC /* FirebaseFirestore in Frameworks */ = {isa = PBXBuildFile; productRef = FC8FFBBF4F6B4DBBA997658B /* FirebaseFirestore */; };
/* End PBXBuildFile section */

/* Begin PBXFileReference section */
		2717CA5B066B41E1A19504AC /* HazardDetection.app */ = {isa = PBXFileReference; explicitFileType = wrapper.application; includeInIndex = 0; path = HazardDetection.app; sourceTree = BUILT_PRODUCTS_DIR; };
		BB611801D3C7438285AFF449 /* HazardDetectionApp.swift */ = {isa = PBXFileReference; lastKnownFileType = sourcecode.swift; path = HazardDetectionApp.swift; sourceTree = "<group>"; };
		AA80F82E378344D6BFBA9D2F /* ContentView.swift */ = {isa = PBXFileReference; lastKnownFileType = sourcecode.swift; path = ContentView.swift; sourceTree = "<group>"; };
		9084636D296D48D9B4EF38F9 /* CameraManager.swift */ = {isa = PBXFileReference; lastKnownFileType = sourcecode.swift; path = CameraManager.swift; sourceTree = "<group>"; };
		813E98C0C8DF43ADBEADD763 /* CameraView.swift */ = {isa = PBXFileReference; lastKnownFileType = sourcecode.swift; path = CameraView.swift; sourceTree = "<group>"; };
		95E9D3A0967E476D85E5EDBC /* DesignSystem.swift */ = {isa = PBXFileReference; lastKnownFileType = sourcecode.swift; path = DesignSystem.swift; sourceTree = "<group>"; };
		2219BA9723A748C49FE282F6 /* LiveDetectionView.swift */ = {isa = PBXFileReference; lastKnownFileType = sourcecode.swift; path = LiveDetectionView.swift; sourceTree = "<group>"; };
		3F38182CC6D14660B775F9A4 /* BackendServices.swift */ = {isa = PBXFileReference; lastKnownFileType = sourcecode.swift; path = BackendServices.swift; sourceTree = "<group>"; };
		2C81C600A9D142098D9D0556 /* AuthManager.swift */ = {isa = PBXFileReference; lastKnownFileType = sourcecode.swift; path = AuthManager.swift; sourceTree = "<group>"; };
		2F08150D361048B88A0543CE /* AuthenticationView.swift */ = {isa = PBXFileReference; lastKnownFileType = sourcecode.swift; path = AuthenticationView.swift; sourceTree = "<group>"; };
		98924375280E478EA1028A02 /* CloudinaryService.swift */ = {isa = PBXFileReference; lastKnownFileType = sourcecode.swift; path = CloudinaryService.swift; sourceTree = "<group>"; };
		7B9F31AC25924FA9864DDC4B /* DashboardView.swift */ = {isa = PBXFileReference; lastKnownFileType = sourcecode.swift; path = DashboardView.swift; sourceTree = "<group>"; };
		DBB97587B1CB479188D1CCAE /* GeocodingService.swift */ = {isa = PBXFileReference; lastKnownFileType = sourcecode.swift; path = GeocodingService.swift; sourceTree = "<group>"; };
		3CACE446AF244DBC92E47542 /* LocationManager.swift */ = {isa = PBXFileReference; lastKnownFileType = sourcecode.swift; path = LocationManager.swift; sourceTree = "<group>"; };
		4C159C1BA79946B895BE6BDA /* MainTabView.swift */ = {isa = PBXFileReference; lastKnownFileType = sourcecode.swift; path = MainTabView.swift; sourceTree = "<group>"; };
		092A4EA059594F548750B3BF /* Models.swift */ = {isa = PBXFileReference; lastKnownFileType = sourcecode.swift; path = Models.swift; sourceTree = "<group>"; };
		0EB3406F9459414ABA8B5106 /* ReportDetailView.swift */ = {isa = PBXFileReference; lastKnownFileType = sourcecode.swift; path = ReportDetailView.swift; sourceTree = "<group>"; };
		CC2765EA12FE4147997A2863 /* SettingsView.swift */ = {isa = PBXFileReference; lastKnownFileType = sourcecode.swift; path = SettingsView.swift; sourceTree = "<group>"; };
		64BD74164D56493BBD94019B /* UIComponents.swift */ = {isa = PBXFileReference; lastKnownFileType = sourcecode.swift; path = UIComponents.swift; sourceTree = "<group>"; };
		BB1B355F469B45B388C41344 /* UploadReportView.swift */ = {isa = PBXFileReference; lastKnownFileType = sourcecode.swift; path = UploadReportView.swift; sourceTree = "<group>"; };
		F86D36F269CE49B1A6960923 /* Reporting/ReportDraft.swift */ = {isa = PBXFileReference; lastKnownFileType = sourcecode.swift; path = Reporting/ReportDraft.swift; sourceTree = "<group>"; };
		965E57AC853340049D6445D6 /* Reporting/ReportValidationPolicy.swift */ = {isa = PBXFileReference; lastKnownFileType = sourcecode.swift; path = Reporting/ReportValidationPolicy.swift; sourceTree = "<group>"; };
		59F0868B32AC4F68BE8073A5 /* Reporting/ReportImagePreparer.swift */ = {isa = PBXFileReference; lastKnownFileType = sourcecode.swift; path = Reporting/ReportImagePreparer.swift; sourceTree = "<group>"; };
		AE8C1CF675AA4E0F8AAB94C5 /* Reporting/ReportPayloadBuilder.swift */ = {isa = PBXFileReference; lastKnownFileType = sourcecode.swift; path = Reporting/ReportPayloadBuilder.swift; sourceTree = "<group>"; };
		3E205178050B4076B0B3E392 /* Reporting/ReportCreationService.swift */ = {isa = PBXFileReference; lastKnownFileType = sourcecode.swift; path = Reporting/ReportCreationService.swift; sourceTree = "<group>"; };
		C4A4090AE19D41AF85ED415F /* best.mlpackage */ = {isa = PBXFileReference; lastKnownFileType = wrapper.mlpackage; path = best.mlpackage; sourceTree = "<group>"; };
		48B23376AA6A44159E8DE1F5 /* best.mlmodelc */ = {isa = PBXFileReference; lastKnownFileType = wrapper.pbobjc; path = best.mlmodelc; sourceTree = "<group>"; };
		17D943B3A8FA4963B6C3FA13 /* Assets.xcassets */ = {isa = PBXFileReference; lastKnownFileType = folder.assetcatalog; path = Assets.xcassets; sourceTree = "<group>"; };
		D005E62AC0094217AAD13028 /* GoogleService-Info.plist */ = {isa = PBXFileReference; lastKnownFileType = text.plist.xml; path = "GoogleService-Info.plist"; sourceTree = "<group>"; };
		7A97F8237DD44BE892488F8D /* dashboard_map.png */ = {isa = PBXFileReference; lastKnownFileType = image.png; path = dashboard_map.png; sourceTree = "<group>"; };
		A153992331424E18BBF02F09 /* report_table.png */ = {isa = PBXFileReference; lastKnownFileType = image.png; path = report_table.png; sourceTree = "<group>"; };
		93D72B7F73FA4052BB272D5A /* static_detection.png */ = {isa = PBXFileReference; lastKnownFileType = image.png; path = static_detection.png; sourceTree = "<group>"; };
/* End PBXFileReference section */

/* Begin PBXFrameworksBuildPhase section */
		3CD495B6DAF748FD893E6A05 /* Frameworks */ = {
			isa = PBXFrameworksBuildPhase;
			buildActionMask = 2147483647;
			files = (
				151AFE9CFB8A4ED68FC0BA22 /* FirebaseCore in Frameworks */,
				82904617AF1347E186F67FFB /* FirebaseAuth in Frameworks */,
				03BF1C2C608A4F189A0580FC /* FirebaseFirestore in Frameworks */,
			);
			runOnlyForDeploymentPostprocessing = 0;
		};
/* End PBXFrameworksBuildPhase section */

/* Begin PBXGroup section */
		95AA3F5EF5D54BBDA0019C4E = {
			isa = PBXGroup;
			children = (
				F7AAA8B2601E4476AC301F41 /* HazardDetection */,
				7F484341640A4A6A95CD1738 /* Products */,
			);
			sourceTree = "<group>";
		};
		7F484341640A4A6A95CD1738 /* Products */ = {
			isa = PBXGroup;
			children = (
				2717CA5B066B41E1A19504AC /* HazardDetection.app */,
			);
			name = Products;
			sourceTree = "<group>";
		};
		F7AAA8B2601E4476AC301F41 /* HazardDetection */ = {
			isa = PBXGroup;
			children = (
				BB611801D3C7438285AFF449 /* HazardDetectionApp.swift */,
				AA80F82E378344D6BFBA9D2F /* ContentView.swift */,
				9084636D296D48D9B4EF38F9 /* CameraManager.swift */,
				813E98C0C8DF43ADBEADD763 /* CameraView.swift */,
				95E9D3A0967E476D85E5EDBC /* DesignSystem.swift */,
				2219BA9723A748C49FE282F6 /* LiveDetectionView.swift */,
				3F38182CC6D14660B775F9A4 /* BackendServices.swift */,
				2C81C600A9D142098D9D0556 /* AuthManager.swift */,
				2F08150D361048B88A0543CE /* AuthenticationView.swift */,
				98924375280E478EA1028A02 /* CloudinaryService.swift */,
				7B9F31AC25924FA9864DDC4B /* DashboardView.swift */,
				DBB97587B1CB479188D1CCAE /* GeocodingService.swift */,
				3CACE446AF244DBC92E47542 /* LocationManager.swift */,
				4C159C1BA79946B895BE6BDA /* MainTabView.swift */,
				092A4EA059594F548750B3BF /* Models.swift */,
				0EB3406F9459414ABA8B5106 /* ReportDetailView.swift */,
				CC2765EA12FE4147997A2863 /* SettingsView.swift */,
				64BD74164D56493BBD94019B /* UIComponents.swift */,
				BB1B355F469B45B388C41344 /* UploadReportView.swift */,
				F86D36F269CE49B1A6960923 /* Reporting/ReportDraft.swift */,
				965E57AC853340049D6445D6 /* Reporting/ReportValidationPolicy.swift */,
				59F0868B32AC4F68BE8073A5 /* Reporting/ReportImagePreparer.swift */,
				AE8C1CF675AA4E0F8AAB94C5 /* Reporting/ReportPayloadBuilder.swift */,
				3E205178050B4076B0B3E392 /* Reporting/ReportCreationService.swift */,
				17D943B3A8FA4963B6C3FA13 /* Assets.xcassets */,
				D005E62AC0094217AAD13028 /* GoogleService-Info.plist */,
				C4A4090AE19D41AF85ED415F /* best.mlpackage */,
				48B23376AA6A44159E8DE1F5 /* best.mlmodelc */,
				7A97F8237DD44BE892488F8D /* dashboard_map.png */,
				A153992331424E18BBF02F09 /* report_table.png */,
				93D72B7F73FA4052BB272D5A /* static_detection.png */,
			);
			path = HazardDetection;
			sourceTree = "<group>";
		};
/* End PBXGroup section */

/* Begin PBXNativeTarget section */
		78A2132B76F24A10950EDCE3 /* HazardDetection */ = {
			isa = PBXNativeTarget;
			buildConfigurationList = A044BED2E2054062849DDD58 /* Build configuration list for PBXNativeTarget "HazardDetection" */;
			buildPhases = (
				A7A9BEA7D7414756B5E79F3A /* Sources */,
				3CD495B6DAF748FD893E6A05 /* Frameworks */,
				84FBE50BBBDA46D2BA1F9EC9 /* Resources */,
			);
			buildRules = (
			);
			dependencies = (
			);
			name = HazardDetection;
			packageProductDependencies = (
				287987961324499292A6873B /* FirebaseCore */,
				7C4348CD1FA34C35AF4F24C4 /* FirebaseAuth */,
				FC8FFBBF4F6B4DBBA997658B /* FirebaseFirestore */,
			);
			productName = HazardDetection;
			productReference = 2717CA5B066B41E1A19504AC /* HazardDetection.app */;
			productType = "com.apple.product-type.application";
		};
/* End PBXNativeTarget section */

/* Begin PBXProject section */
		4F5676AD37DC4DD8BFB281DB /* Project object */ = {
			isa = PBXProject;
			attributes = {
				BuildIndependentTargetsInParallel = 1;
				LastSwiftUpdateCheck = 1500;
				LastUpgradeCheck = 1500;
			};
			buildConfigurationList = 7189024C52EE49AE81AE78E7 /* Build configuration list for PBXProject "HazardDetection" */;
			compatibilityVersion = "Xcode 14.0";
			developmentRegion = en;
			hasScannedForEncodings = 0;
			knownRegions = (
				en,
				Base,
			);
			mainGroup = 95AA3F5EF5D54BBDA0019C4E;
			packageReferences = (
				2A34531D123F4590B7A244E3 /* XCRemoteSwiftPackageReference "firebase-ios-sdk" */,
			);
			productRefGroup = 7F484341640A4A6A95CD1738 /* Products */;
			projectDirPath = "";
			projectRoot = "";
			targets = (
				78A2132B76F24A10950EDCE3 /* HazardDetection */,
			);
		};
/* End PBXProject section */

/* Begin PBXResourcesBuildPhase section */
		84FBE50BBBDA46D2BA1F9EC9 /* Resources */ = {
			isa = PBXResourcesBuildPhase;
			buildActionMask = 2147483647;
			files = (
				4CE2B5CA8362483EBC7083DA /* Assets.xcassets in Resources */,
				C52129816337420A8805FDB4 /* GoogleService-Info.plist in Resources */,
				D01461254D49415BACB04564 /* best.mlpackage in Resources */,
				D37867221BB04B39B772955F /* best.mlmodelc in Resources */,
				C41746F1F1D149079FF37637 /* dashboard_map.png in Resources */,
				BF4C69031B2A4ABAA09687D9 /* report_table.png in Resources */,
				0D6B56FE29554A54B30CD2EC /* static_detection.png in Resources */,
			);
			runOnlyForDeploymentPostprocessing = 0;
		};
/* End PBXResourcesBuildPhase section */

/* Begin PBXSourcesBuildPhase section */
		A7A9BEA7D7414756B5E79F3A /* Sources */ = {
			isa = PBXSourcesBuildPhase;
			buildActionMask = 2147483647;
			files = (
				667D90ABE77D42DA925E6854 /* static_detection.png in Sources */,
				8B4052240941406EA6645502 /* static_detection.png in Sources */,
				D5347692CA0C456B9C5BDCA4 /* static_detection.png in Sources */,
				B817071E9E2C438E90A971B6 /* static_detection.png in Sources */,
				24A686CDCF6547BDAFFF8C81 /* static_detection.png in Sources */,
				71E1528EFDE94F9599998C7E /* static_detection.png in Sources */,
				128A23A4F40845A7B693A623 /* static_detection.png in Sources */,
				FF53EB584B0849679AF1B4CB /* static_detection.png in Sources */,
				54466B8DDBBD449D81144085 /* static_detection.png in Sources */,
				15F2C867CD6B4D3399F07C92 /* static_detection.png in Sources */,
				E4B368E6FE1B46EDBCB513A0 /* static_detection.png in Sources */,
				1C4569CA12164F7E9EA27D14 /* static_detection.png in Sources */,
				A26747CC520F43C99194242F /* static_detection.png in Sources */,
				6E0330114B3A4DFC8D838DA0 /* static_detection.png in Sources */,
				654A0C1899F140B9AD8459D4 /* static_detection.png in Sources */,
				D0FE72DCA7964E86AD7ABBD4 /* static_detection.png in Sources */,
				9B99E0DB60F546418AE6A3A8 /* static_detection.png in Sources */,
				C3335C3FF7544A609814C065 /* static_detection.png in Sources */,
				2F26F22A30F74AC593DCBEE0 /* static_detection.png in Sources */,
				948F5E59D70B475581B94DB8 /* static_detection.png in Sources */,
				10BE14F8DE3E4EA8A313B625 /* static_detection.png in Sources */,
				43665F6AD6884276B3F2FF26 /* static_detection.png in Sources */,
				6011B318DE344320B611B549 /* static_detection.png in Sources */,
				642DD725CBD84668B3E09631 /* static_detection.png in Sources */,
			);
			runOnlyForDeploymentPostprocessing = 0;
		};
/* End PBXSourcesBuildPhase section */

/* Begin XCRemoteSwiftPackageReference section */
		2A34531D123F4590B7A244E3 /* XCRemoteSwiftPackageReference "firebase-ios-sdk" */ = {
			isa = XCRemoteSwiftPackageReference;
			repositoryURL = "https://github.com/firebase/firebase-ios-sdk";
			requirement = {
				kind = upToNextMajorVersion;
				minimumVersion = 12.12.1;
			};
		};
/* End XCRemoteSwiftPackageReference section */

/* Begin XCSwiftPackageProductDependency section */
		287987961324499292A6873B /* FirebaseCore */ = {
			isa = XCSwiftPackageProductDependency;
			package = 2A34531D123F4590B7A244E3 /* XCRemoteSwiftPackageReference "firebase-ios-sdk" */;
			productName = FirebaseCore;
		};
		7C4348CD1FA34C35AF4F24C4 /* FirebaseAuth */ = {
			isa = XCSwiftPackageProductDependency;
			package = 2A34531D123F4590B7A244E3 /* XCRemoteSwiftPackageReference "firebase-ios-sdk" */;
			productName = FirebaseAuth;
		};
		FC8FFBBF4F6B4DBBA997658B /* FirebaseFirestore */ = {
			isa = XCSwiftPackageProductDependency;
			package = 2A34531D123F4590B7A244E3 /* XCRemoteSwiftPackageReference "firebase-ios-sdk" */;
			productName = FirebaseFirestore;
		};
/* End XCSwiftPackageProductDependency section */

/* Begin XCBuildConfiguration section */
		22696C074BC34377B50B61CC /* Debug */ = {
			isa = XCBuildConfiguration;
			buildSettings = {
				ASSETCATALOG_COMPILER_APPICON_NAME = AppIcon;
				ASSET_SYMBOL_GENERATION = NO;
				ALWAYS_SEARCH_USER_PATHS = NO;
				ASSET_CATALOG_COMPILER_OPTIMIZATION = space;
				CLANG_ENABLE_MODULES = YES;
				CLANG_ENABLE_OBJC_ARC = YES;
				CODE_SIGN_STYLE = Automatic;
				INFOPLIST_FILE = HazardDetection/Info.plist;
				IPHONEOS_DEPLOYMENT_TARGET = 17.0;
				PRODUCT_BUNDLE_IDENTIFIER = "com.raz0125.hazarddetection.app";
				DEVELOPMENT_TEAM = 8NX9TVG3J6;
				PRODUCT_NAME = "$(TARGET_NAME)";
				SWIFT_VERSION = 5.9;
				TARGETED_DEVICE_FAMILY = "1,2";
			};
			name = Debug;
		};
		220D692466F24F6CB5C296E2 /* Release */ = {
			isa = XCBuildConfiguration;
			buildSettings = {
				ASSETCATALOG_COMPILER_APPICON_NAME = AppIcon;
				ASSET_SYMBOL_GENERATION = NO;
				ALWAYS_SEARCH_USER_PATHS = NO;
				ASSET_CATALOG_COMPILER_OPTIMIZATION = space;
				CLANG_ENABLE_MODULES = YES;
				CLANG_ENABLE_OBJC_ARC = YES;
				CODE_SIGN_STYLE = Automatic;
				INFOPLIST_FILE = HazardDetection/Info.plist;
				IPHONEOS_DEPLOYMENT_TARGET = 17.0;
				PRODUCT_BUNDLE_IDENTIFIER = "com.raz0125.hazarddetection.app";
				DEVELOPMENT_TEAM = 8NX9TVG3J6;
				PRODUCT_NAME = "$(TARGET_NAME)";
				SWIFT_VERSION = 5.9;
				TARGETED_DEVICE_FAMILY = "1,2";
			};
			name = Release;
		};
		0DBBA64CAFAF4B589982704A /* Debug */ = {
			isa = XCBuildConfiguration;
			buildSettings = {
				ALWAYS_SEARCH_USER_PATHS = NO;
				IPHONEOS_DEPLOYMENT_TARGET = 17.0;
				SDKROOT = iphoneos;
			};
			name = Debug;
		};
		619A06F28ED84BEC8A9EB923 /* Release */ = {
			isa = XCBuildConfiguration;
			buildSettings = {
				ALWAYS_SEARCH_USER_PATHS = NO;
				IPHONEOS_DEPLOYMENT_TARGET = 17.0;
				SDKROOT = iphoneos;
				VALIDATE_PRODUCT = YES;
			};
			name = Release;
		};
/* End XCBuildConfiguration section */

/* Begin XCConfigurationList section */
		7189024C52EE49AE81AE78E7 /* Build configuration list for PBXProject "HazardDetection" */ = {
			isa = XCConfigurationList;
			buildConfigurations = (
				0DBBA64CAFAF4B589982704A /* Debug */,
				619A06F28ED84BEC8A9EB923 /* Release */,
			);
			defaultConfigurationIsVisible = 0;
			defaultConfigurationName = Release;
		};
		A044BED2E2054062849DDD58 /* Build configuration list for PBXNativeTarget "HazardDetection" */ = {
			isa = XCConfigurationList;
			buildConfigurations = (
				22696C074BC34377B50B61CC /* Debug */,
				220D692466F24F6CB5C296E2 /* Release */,
			);
			defaultConfigurationIsVisible = 0;
			defaultConfigurationName = Release;
		};
/* End XCConfigurationList section */

	};
	rootObject = 4F5676AD37DC4DD8BFB281DB /* Project object */;
}
