// !$*UTF8*$!
{
	archiveVersion = 1;
	classes = {
	};
	objectVersion = 56;
	objects = {

/* Begin PBXBuildFile section */
		7156B60512814C909E24AA05 /* HazardDetectionApp.swift in Sources */ = {isa = PBXBuildFile; fileRef = 0970264F6B8A4D79A08F3BE3 /* HazardDetectionApp.swift */; };
		B337FA7393A6473DB0035C20 /* ContentView.swift in Sources */ = {isa = PBXBuildFile; fileRef = 0CB1390C22A44308946DCD7D /* ContentView.swift */; };
		22D92AAE566D4042A1012C06 /* CameraManager.swift in Sources */ = {isa = PBXBuildFile; fileRef = C97286774C4845AA82C8AAF9 /* CameraManager.swift */; };
		F5C65202036C435F98F92A66 /* CameraView.swift in Sources */ = {isa = PBXBuildFile; fileRef = 0057634A48834384AFA3A60F /* CameraView.swift */; };
		ED1A5A3128DE46EA8345F7E7 /* DesignSystem.swift in Sources */ = {isa = PBXBuildFile; fileRef = EFC8659E698940559B519B61 /* DesignSystem.swift */; };
		EA53A7553B4D47358FB51CAC /* LiveDetectionView.swift in Sources */ = {isa = PBXBuildFile; fileRef = DC575C37237F4780B3C2304A /* LiveDetectionView.swift */; };
		3CB2F23CA27A4A7ABC26124F /* BackendServices.swift in Sources */ = {isa = PBXBuildFile; fileRef = C412274EB35A4549BD32D3DE /* BackendServices.swift */; };
		BE8B089AB2C74913B0823DF9 /* AuthManager.swift in Sources */ = {isa = PBXBuildFile; fileRef = EB58D967134E4B1AB56BFFF1 /* AuthManager.swift */; };
		15267311ACB7432792AA7B21 /* AuthenticationView.swift in Sources */ = {isa = PBXBuildFile; fileRef = 13E055F47E80467B9815AFE7 /* AuthenticationView.swift */; };
		C0296A9EA0E54607AA2C3537 /* CloudinaryService.swift in Sources */ = {isa = PBXBuildFile; fileRef = CB75C987C3D14BACBC9524E5 /* CloudinaryService.swift */; };
		F28F6AA9D26B4F8BAC49C231 /* DashboardView.swift in Sources */ = {isa = PBXBuildFile; fileRef = 94B838D3815745D9867AAF58 /* DashboardView.swift */; };
		7D445F9313FC4CFBB5F3CD94 /* GeocodingService.swift in Sources */ = {isa = PBXBuildFile; fileRef = 9505D8319C6E4ADEB1E44358 /* GeocodingService.swift */; };
		0849A23651F947E5893F07FA /* LocationManager.swift in Sources */ = {isa = PBXBuildFile; fileRef = 16611A8A63874A5F9FD6396A /* LocationManager.swift */; };
		790E301286F040A1B9C64F38 /* MainTabView.swift in Sources */ = {isa = PBXBuildFile; fileRef = 488EF5B0D9AD47BC931E2CB1 /* MainTabView.swift */; };
		A417B20C0CC140E7A7CDDDAD /* Models.swift in Sources */ = {isa = PBXBuildFile; fileRef = 617C9B0D71AB4A37A83DFCE6 /* Models.swift */; };
		CE51608FC9A241C389EF83CA /* ReportDetailView.swift in Sources */ = {isa = PBXBuildFile; fileRef = 6F4449323C634399B90A75D3 /* ReportDetailView.swift */; };
		DAA9F95CFE314E6682262F5A /* SettingsView.swift in Sources */ = {isa = PBXBuildFile; fileRef = D9AE49FD8EB84A73BCFC16D7 /* SettingsView.swift */; };
		3ECEB8A6FB574C2EBDEED283 /* UIComponents.swift in Sources */ = {isa = PBXBuildFile; fileRef = 6C630AEE321E4150BC54BEBC /* UIComponents.swift */; };
		E3670F0EDD6B42848B22AE93 /* UploadReportView.swift in Sources */ = {isa = PBXBuildFile; fileRef = CE34ED31D1C44B65916E09A1 /* UploadReportView.swift */; };
		B3A64FD69BAA4E5EBE66FEB1 /* Reporting/ReportDraft.swift in Sources */ = {isa = PBXBuildFile; fileRef = 49EB4E0012A3476CA54E16D0 /* Reporting/ReportDraft.swift */; };
		65E463ED8EAE48C1880FD297 /* Reporting/ReportValidationPolicy.swift in Sources */ = {isa = PBXBuildFile; fileRef = 8ADBCFBD4D254AA7821625B6 /* Reporting/ReportValidationPolicy.swift */; };
		2CC4BD3FF4ED4A7BAE2EE09E /* Reporting/ReportImagePreparer.swift in Sources */ = {isa = PBXBuildFile; fileRef = E9A26898786E447390540035 /* Reporting/ReportImagePreparer.swift */; };
		2894A6DC4A214ACB8ED98E2E /* Reporting/ReportPayloadBuilder.swift in Sources */ = {isa = PBXBuildFile; fileRef = 6AF6B9D41FD0420191932C34 /* Reporting/ReportPayloadBuilder.swift */; };
		3F8689E32D9D48D19C6D480B /* Reporting/ReportCreationService.swift in Sources */ = {isa = PBXBuildFile; fileRef = D3041A868B934FD19F51CDDA /* Reporting/ReportCreationService.swift */; };
		6D649820B1364B1E8F83AFBC /* best.mlpackage in Resources */ = {isa = PBXBuildFile; fileRef = BB5919F6BB7842C3BDAC3380 /* best.mlpackage */; };
		DBD160CA48E745E8A10BCED1 /* best.mlmodelc in Resources */ = {isa = PBXBuildFile; fileRef = 6A0C466182EB4E25A47E105C /* best.mlmodelc */; };
		9A33045A711D4A81A47104D9 /* Assets.xcassets in Resources */ = {isa = PBXBuildFile; fileRef = E015A05FD8BC48D3A481C3D9 /* Assets.xcassets */; };
		CFBA421D52364B21A3D54032 /* GoogleService-Info.plist in Resources */ = {isa = PBXBuildFile; fileRef = F90B916A5B31425AA498C6CB /* GoogleService-Info.plist */; };
		697D5BDEBE3B4177A113649C /* dashboard_map.png in Resources */ = {isa = PBXBuildFile; fileRef = 45B10CCEE99A4C5CAD801281 /* dashboard_map.png */; };
		F348A532FCA74DF98316C75B /* report_table.png in Resources */ = {isa = PBXBuildFile; fileRef = 63647902074B4FCB881CC320 /* report_table.png */; };
		F17D16F174E0443B9265546B /* static_detection.png in Resources */ = {isa = PBXBuildFile; fileRef = EE0F8165890F469D9B77C3D2 /* static_detection.png */; };
		DA4A7841EC714119924DB69C /* FirebaseCore in Frameworks */ = {isa = PBXBuildFile; productRef = BF9DCCFC79544A69AA90892D /* FirebaseCore */; };
		5F0ED1E81112417D846E4E7F /* FirebaseAuth in Frameworks */ = {isa = PBXBuildFile; productRef = 15D72536B0574943840FC467 /* FirebaseAuth */; };
		7D828B249DB64E74B174CDC7 /* FirebaseFirestore in Frameworks */ = {isa = PBXBuildFile; productRef = BD7B0F0379E0499EB6A99BAF /* FirebaseFirestore */; };
/* End PBXBuildFile section */

/* Begin PBXFileReference section */
		5957BCD76E9C4CDFBA79BC65 /* HazardDetection.app */ = {isa = PBXFileReference; explicitFileType = wrapper.application; includeInIndex = 0; path = HazardDetection.app; sourceTree = BUILT_PRODUCTS_DIR; };
		0970264F6B8A4D79A08F3BE3 /* HazardDetectionApp.swift */ = {isa = PBXFileReference; lastKnownFileType = sourcecode.swift; path = HazardDetectionApp.swift; sourceTree = "<group>"; };
		0CB1390C22A44308946DCD7D /* ContentView.swift */ = {isa = PBXFileReference; lastKnownFileType = sourcecode.swift; path = ContentView.swift; sourceTree = "<group>"; };
		C97286774C4845AA82C8AAF9 /* CameraManager.swift */ = {isa = PBXFileReference; lastKnownFileType = sourcecode.swift; path = CameraManager.swift; sourceTree = "<group>"; };
		0057634A48834384AFA3A60F /* CameraView.swift */ = {isa = PBXFileReference; lastKnownFileType = sourcecode.swift; path = CameraView.swift; sourceTree = "<group>"; };
		EFC8659E698940559B519B61 /* DesignSystem.swift */ = {isa = PBXFileReference; lastKnownFileType = sourcecode.swift; path = DesignSystem.swift; sourceTree = "<group>"; };
		DC575C37237F4780B3C2304A /* LiveDetectionView.swift */ = {isa = PBXFileReference; lastKnownFileType = sourcecode.swift; path = LiveDetectionView.swift; sourceTree = "<group>"; };
		C412274EB35A4549BD32D3DE /* BackendServices.swift */ = {isa = PBXFileReference; lastKnownFileType = sourcecode.swift; path = BackendServices.swift; sourceTree = "<group>"; };
		EB58D967134E4B1AB56BFFF1 /* AuthManager.swift */ = {isa = PBXFileReference; lastKnownFileType = sourcecode.swift; path = AuthManager.swift; sourceTree = "<group>"; };
		13E055F47E80467B9815AFE7 /* AuthenticationView.swift */ = {isa = PBXFileReference; lastKnownFileType = sourcecode.swift; path = AuthenticationView.swift; sourceTree = "<group>"; };
		CB75C987C3D14BACBC9524E5 /* CloudinaryService.swift */ = {isa = PBXFileReference; lastKnownFileType = sourcecode.swift; path = CloudinaryService.swift; sourceTree = "<group>"; };
		94B838D3815745D9867AAF58 /* DashboardView.swift */ = {isa = PBXFileReference; lastKnownFileType = sourcecode.swift; path = DashboardView.swift; sourceTree = "<group>"; };
		9505D8319C6E4ADEB1E44358 /* GeocodingService.swift */ = {isa = PBXFileReference; lastKnownFileType = sourcecode.swift; path = GeocodingService.swift; sourceTree = "<group>"; };
		16611A8A63874A5F9FD6396A /* LocationManager.swift */ = {isa = PBXFileReference; lastKnownFileType = sourcecode.swift; path = LocationManager.swift; sourceTree = "<group>"; };
		488EF5B0D9AD47BC931E2CB1 /* MainTabView.swift */ = {isa = PBXFileReference; lastKnownFileType = sourcecode.swift; path = MainTabView.swift; sourceTree = "<group>"; };
		617C9B0D71AB4A37A83DFCE6 /* Models.swift */ = {isa = PBXFileReference; lastKnownFileType = sourcecode.swift; path = Models.swift; sourceTree = "<group>"; };
		6F4449323C634399B90A75D3 /* ReportDetailView.swift */ = {isa = PBXFileReference; lastKnownFileType = sourcecode.swift; path = ReportDetailView.swift; sourceTree = "<group>"; };
		D9AE49FD8EB84A73BCFC16D7 /* SettingsView.swift */ = {isa = PBXFileReference; lastKnownFileType = sourcecode.swift; path = SettingsView.swift; sourceTree = "<group>"; };
		6C630AEE321E4150BC54BEBC /* UIComponents.swift */ = {isa = PBXFileReference; lastKnownFileType = sourcecode.swift; path = UIComponents.swift; sourceTree = "<group>"; };
		CE34ED31D1C44B65916E09A1 /* UploadReportView.swift */ = {isa = PBXFileReference; lastKnownFileType = sourcecode.swift; path = UploadReportView.swift; sourceTree = "<group>"; };
		49EB4E0012A3476CA54E16D0 /* Reporting/ReportDraft.swift */ = {isa = PBXFileReference; lastKnownFileType = sourcecode.swift; path = Reporting/ReportDraft.swift; sourceTree = "<group>"; };
		8ADBCFBD4D254AA7821625B6 /* Reporting/ReportValidationPolicy.swift */ = {isa = PBXFileReference; lastKnownFileType = sourcecode.swift; path = Reporting/ReportValidationPolicy.swift; sourceTree = "<group>"; };
		E9A26898786E447390540035 /* Reporting/ReportImagePreparer.swift */ = {isa = PBXFileReference; lastKnownFileType = sourcecode.swift; path = Reporting/ReportImagePreparer.swift; sourceTree = "<group>"; };
		6AF6B9D41FD0420191932C34 /* Reporting/ReportPayloadBuilder.swift */ = {isa = PBXFileReference; lastKnownFileType = sourcecode.swift; path = Reporting/ReportPayloadBuilder.swift; sourceTree = "<group>"; };
		D3041A868B934FD19F51CDDA /* Reporting/ReportCreationService.swift */ = {isa = PBXFileReference; lastKnownFileType = sourcecode.swift; path = Reporting/ReportCreationService.swift; sourceTree = "<group>"; };
		BB5919F6BB7842C3BDAC3380 /* best.mlpackage */ = {isa = PBXFileReference; lastKnownFileType = wrapper.mlpackage; path = best.mlpackage; sourceTree = "<group>"; };
		6A0C466182EB4E25A47E105C /* best.mlmodelc */ = {isa = PBXFileReference; lastKnownFileType = wrapper.pbobjc; path = best.mlmodelc; sourceTree = "<group>"; };
		E015A05FD8BC48D3A481C3D9 /* Assets.xcassets */ = {isa = PBXFileReference; lastKnownFileType = folder.assetcatalog; path = Assets.xcassets; sourceTree = "<group>"; };
		F90B916A5B31425AA498C6CB /* GoogleService-Info.plist */ = {isa = PBXFileReference; lastKnownFileType = text.plist.xml; path = "GoogleService-Info.plist"; sourceTree = "<group>"; };
		45B10CCEE99A4C5CAD801281 /* dashboard_map.png */ = {isa = PBXFileReference; lastKnownFileType = image.png; path = dashboard_map.png; sourceTree = "<group>"; };
		63647902074B4FCB881CC320 /* report_table.png */ = {isa = PBXFileReference; lastKnownFileType = image.png; path = report_table.png; sourceTree = "<group>"; };
		EE0F8165890F469D9B77C3D2 /* static_detection.png */ = {isa = PBXFileReference; lastKnownFileType = image.png; path = static_detection.png; sourceTree = "<group>"; };
/* End PBXFileReference section */

/* Begin PBXFrameworksBuildPhase section */
		27D6800E0DE24FB5BDA2260A /* Frameworks */ = {
			isa = PBXFrameworksBuildPhase;
			buildActionMask = 2147483647;
			files = (
				DA4A7841EC714119924DB69C /* FirebaseCore in Frameworks */,
				5F0ED1E81112417D846E4E7F /* FirebaseAuth in Frameworks */,
				7D828B249DB64E74B174CDC7 /* FirebaseFirestore in Frameworks */,
			);
			runOnlyForDeploymentPostprocessing = 0;
		};
/* End PBXFrameworksBuildPhase section */

/* Begin PBXGroup section */
		49C91B3E21CD47108AEEB9A0 = {
			isa = PBXGroup;
			children = (
				5ADC06E0B4A84BEDB150435E /* HazardDetection */,
				886BD580C75D43D987CE3444 /* Products */,
			);
			sourceTree = "<group>";
		};
		886BD580C75D43D987CE3444 /* Products */ = {
			isa = PBXGroup;
			children = (
				5957BCD76E9C4CDFBA79BC65 /* HazardDetection.app */,
			);
			name = Products;
			sourceTree = "<group>";
		};
		5ADC06E0B4A84BEDB150435E /* HazardDetection */ = {
			isa = PBXGroup;
			children = (
				0970264F6B8A4D79A08F3BE3 /* HazardDetectionApp.swift */,
				0CB1390C22A44308946DCD7D /* ContentView.swift */,
				C97286774C4845AA82C8AAF9 /* CameraManager.swift */,
				0057634A48834384AFA3A60F /* CameraView.swift */,
				EFC8659E698940559B519B61 /* DesignSystem.swift */,
				DC575C37237F4780B3C2304A /* LiveDetectionView.swift */,
				C412274EB35A4549BD32D3DE /* BackendServices.swift */,
				EB58D967134E4B1AB56BFFF1 /* AuthManager.swift */,
				13E055F47E80467B9815AFE7 /* AuthenticationView.swift */,
				CB75C987C3D14BACBC9524E5 /* CloudinaryService.swift */,
				94B838D3815745D9867AAF58 /* DashboardView.swift */,
				9505D8319C6E4ADEB1E44358 /* GeocodingService.swift */,
				16611A8A63874A5F9FD6396A /* LocationManager.swift */,
				488EF5B0D9AD47BC931E2CB1 /* MainTabView.swift */,
				617C9B0D71AB4A37A83DFCE6 /* Models.swift */,
				6F4449323C634399B90A75D3 /* ReportDetailView.swift */,
				D9AE49FD8EB84A73BCFC16D7 /* SettingsView.swift */,
				6C630AEE321E4150BC54BEBC /* UIComponents.swift */,
				CE34ED31D1C44B65916E09A1 /* UploadReportView.swift */,
				49EB4E0012A3476CA54E16D0 /* Reporting/ReportDraft.swift */,
				8ADBCFBD4D254AA7821625B6 /* Reporting/ReportValidationPolicy.swift */,
				E9A26898786E447390540035 /* Reporting/ReportImagePreparer.swift */,
				6AF6B9D41FD0420191932C34 /* Reporting/ReportPayloadBuilder.swift */,
				D3041A868B934FD19F51CDDA /* Reporting/ReportCreationService.swift */,
				E015A05FD8BC48D3A481C3D9 /* Assets.xcassets */,
				F90B916A5B31425AA498C6CB /* GoogleService-Info.plist */,
				BB5919F6BB7842C3BDAC3380 /* best.mlpackage */,
				6A0C466182EB4E25A47E105C /* best.mlmodelc */,
				45B10CCEE99A4C5CAD801281 /* dashboard_map.png */,
				63647902074B4FCB881CC320 /* report_table.png */,
				EE0F8165890F469D9B77C3D2 /* static_detection.png */,
			);
			path = HazardDetection;
			sourceTree = "<group>";
		};
/* End PBXGroup section */

/* Begin PBXNativeTarget section */
		F0C0FF21525A4D26B071623B /* HazardDetection */ = {
			isa = PBXNativeTarget;
			buildConfigurationList = A8D1B035231046C2B07B0769 /* Build configuration list for PBXNativeTarget "HazardDetection" */;
			buildPhases = (
				6F1913AE90F44831BFA931E3 /* Sources */,
				27D6800E0DE24FB5BDA2260A /* Frameworks */,
				7790D114327548E7B7BD0E3F /* Resources */,
			);
			buildRules = (
			);
			dependencies = (
			);
			name = HazardDetection;
			packageProductDependencies = (
				BF9DCCFC79544A69AA90892D /* FirebaseCore */,
				15D72536B0574943840FC467 /* FirebaseAuth */,
				BD7B0F0379E0499EB6A99BAF /* FirebaseFirestore */,
			);
			productName = HazardDetection;
			productReference = 5957BCD76E9C4CDFBA79BC65 /* HazardDetection.app */;
			productType = "com.apple.product-type.application";
		};
/* End PBXNativeTarget section */

/* Begin PBXProject section */
		5DBD87B78BB8427F8F1A7B6B /* Project object */ = {
			isa = PBXProject;
			attributes = {
				BuildIndependentTargetsInParallel = 1;
				LastSwiftUpdateCheck = 1500;
				LastUpgradeCheck = 1500;
			};
			buildConfigurationList = 8F8DC84A2ED04FC2A15FFD69 /* Build configuration list for PBXProject "HazardDetection" */;
			compatibilityVersion = "Xcode 14.0";
			developmentRegion = en;
			hasScannedForEncodings = 0;
			knownRegions = (
				en,
				Base,
			);
			mainGroup = 49C91B3E21CD47108AEEB9A0;
			packageReferences = (
				1024EFCFF5E244328213FA40 /* XCRemoteSwiftPackageReference "firebase-ios-sdk" */,
			);
			productRefGroup = 886BD580C75D43D987CE3444 /* Products */;
			projectDirPath = "";
			projectRoot = "";
			targets = (
				F0C0FF21525A4D26B071623B /* HazardDetection */,
			);
		};
/* End PBXProject section */

/* Begin PBXResourcesBuildPhase section */
		7790D114327548E7B7BD0E3F /* Resources */ = {
			isa = PBXResourcesBuildPhase;
			buildActionMask = 2147483647;
			files = (
				9A33045A711D4A81A47104D9 /* Assets.xcassets in Resources */,
				CFBA421D52364B21A3D54032 /* GoogleService-Info.plist in Resources */,
				6D649820B1364B1E8F83AFBC /* best.mlpackage in Resources */,
				DBD160CA48E745E8A10BCED1 /* best.mlmodelc in Resources */,
				697D5BDEBE3B4177A113649C /* dashboard_map.png in Resources */,
				F348A532FCA74DF98316C75B /* report_table.png in Resources */,
				F17D16F174E0443B9265546B /* static_detection.png in Resources */,
			);
			runOnlyForDeploymentPostprocessing = 0;
		};
/* End PBXResourcesBuildPhase section */

/* Begin PBXSourcesBuildPhase section */
		6F1913AE90F44831BFA931E3 /* Sources */ = {
			isa = PBXSourcesBuildPhase;
			buildActionMask = 2147483647;
			files = (
				7156B60512814C909E24AA05 /* static_detection.png in Sources */,
				B337FA7393A6473DB0035C20 /* static_detection.png in Sources */,
				22D92AAE566D4042A1012C06 /* static_detection.png in Sources */,
				F5C65202036C435F98F92A66 /* static_detection.png in Sources */,
				ED1A5A3128DE46EA8345F7E7 /* static_detection.png in Sources */,
				EA53A7553B4D47358FB51CAC /* static_detection.png in Sources */,
				3CB2F23CA27A4A7ABC26124F /* static_detection.png in Sources */,
				BE8B089AB2C74913B0823DF9 /* static_detection.png in Sources */,
				15267311ACB7432792AA7B21 /* static_detection.png in Sources */,
				C0296A9EA0E54607AA2C3537 /* static_detection.png in Sources */,
				F28F6AA9D26B4F8BAC49C231 /* static_detection.png in Sources */,
				7D445F9313FC4CFBB5F3CD94 /* static_detection.png in Sources */,
				0849A23651F947E5893F07FA /* static_detection.png in Sources */,
				790E301286F040A1B9C64F38 /* static_detection.png in Sources */,
				A417B20C0CC140E7A7CDDDAD /* static_detection.png in Sources */,
				CE51608FC9A241C389EF83CA /* static_detection.png in Sources */,
				DAA9F95CFE314E6682262F5A /* static_detection.png in Sources */,
				3ECEB8A6FB574C2EBDEED283 /* static_detection.png in Sources */,
				E3670F0EDD6B42848B22AE93 /* static_detection.png in Sources */,
				B3A64FD69BAA4E5EBE66FEB1 /* static_detection.png in Sources */,
				65E463ED8EAE48C1880FD297 /* static_detection.png in Sources */,
				2CC4BD3FF4ED4A7BAE2EE09E /* static_detection.png in Sources */,
				2894A6DC4A214ACB8ED98E2E /* static_detection.png in Sources */,
				3F8689E32D9D48D19C6D480B /* static_detection.png in Sources */,
			);
			runOnlyForDeploymentPostprocessing = 0;
		};
/* End PBXSourcesBuildPhase section */

/* Begin XCRemoteSwiftPackageReference section */
		1024EFCFF5E244328213FA40 /* XCRemoteSwiftPackageReference "firebase-ios-sdk" */ = {
			isa = XCRemoteSwiftPackageReference;
			repositoryURL = "https://github.com/firebase/firebase-ios-sdk";
			requirement = {
				kind = upToNextMajorVersion;
				minimumVersion = 12.12.1;
			};
		};
/* End XCRemoteSwiftPackageReference section */

/* Begin XCSwiftPackageProductDependency section */
		BF9DCCFC79544A69AA90892D /* FirebaseCore */ = {
			isa = XCSwiftPackageProductDependency;
			package = 1024EFCFF5E244328213FA40 /* XCRemoteSwiftPackageReference "firebase-ios-sdk" */;
			productName = FirebaseCore;
		};
		15D72536B0574943840FC467 /* FirebaseAuth */ = {
			isa = XCSwiftPackageProductDependency;
			package = 1024EFCFF5E244328213FA40 /* XCRemoteSwiftPackageReference "firebase-ios-sdk" */;
			productName = FirebaseAuth;
		};
		BD7B0F0379E0499EB6A99BAF /* FirebaseFirestore */ = {
			isa = XCSwiftPackageProductDependency;
			package = 1024EFCFF5E244328213FA40 /* XCRemoteSwiftPackageReference "firebase-ios-sdk" */;
			productName = FirebaseFirestore;
		};
/* End XCSwiftPackageProductDependency section */

/* Begin XCBuildConfiguration section */
		CBC692C7E3A747CF8EC40899 /* Debug */ = {
			isa = XCBuildConfiguration;
			buildSettings = {
				ASSETCATALOG_COMPILER_APPICON_NAME = AppIcon;
				ASSET_SYMBOL_GENERATION = NO;
				ALWAYS_SEARCH_USER_PATHS = NO;
				ASSET_CATALOG_COMPILER_OPTIMIZATION = space;
				CLANG_ENABLE_MODULES = YES;
				CLANG_ENABLE_OBJC_ARC = YES;
				CODE_SIGN_STYLE = Automatic;
				INFOPLIST_FILE = HazardDetection/Info.plist;
				IPHONEOS_DEPLOYMENT_TARGET = 17.0;
				PRODUCT_BUNDLE_IDENTIFIER = "com.raz0125.hazarddetection.app";
				DEVELOPMENT_TEAM = 8NX9TVG3J6;
				PRODUCT_NAME = "$(TARGET_NAME)";
				SWIFT_VERSION = 5.9;
				TARGETED_DEVICE_FAMILY = "1,2";
			};
			name = Debug;
		};
		E3EEBB8064B74C1A8EB9EEA9 /* Release */ = {
			isa = XCBuildConfiguration;
			buildSettings = {
				ASSETCATALOG_COMPILER_APPICON_NAME = AppIcon;
				ASSET_SYMBOL_GENERATION = NO;
				ALWAYS_SEARCH_USER_PATHS = NO;
				ASSET_CATALOG_COMPILER_OPTIMIZATION = space;
				CLANG_ENABLE_MODULES = YES;
				CLANG_ENABLE_OBJC_ARC = YES;
				CODE_SIGN_STYLE = Automatic;
				INFOPLIST_FILE = HazardDetection/Info.plist;
				IPHONEOS_DEPLOYMENT_TARGET = 17.0;
				PRODUCT_BUNDLE_IDENTIFIER = "com.raz0125.hazarddetection.app";
				DEVELOPMENT_TEAM = 8NX9TVG3J6;
				PRODUCT_NAME = "$(TARGET_NAME)";
				SWIFT_VERSION = 5.9;
				TARGETED_DEVICE_FAMILY = "1,2";
			};
			name = Release;
		};
		FD916221F74F4E0D8C9F3EBE /* Debug */ = {
			isa = XCBuildConfiguration;
			buildSettings = {
				ALWAYS_SEARCH_USER_PATHS = NO;
				IPHONEOS_DEPLOYMENT_TARGET = 17.0;
				SDKROOT = iphoneos;
			};
			name = Debug;
		};
		DA36D52CD63F42A5BAB8D59C /* Release */ = {
			isa = XCBuildConfiguration;
			buildSettings = {
				ALWAYS_SEARCH_USER_PATHS = NO;
				IPHONEOS_DEPLOYMENT_TARGET = 17.0;
				SDKROOT = iphoneos;
				VALIDATE_PRODUCT = YES;
			};
			name = Release;
		};
/* End XCBuildConfiguration section */

/* Begin XCConfigurationList section */
		8F8DC84A2ED04FC2A15FFD69 /* Build configuration list for PBXProject "HazardDetection" */ = {
			isa = XCConfigurationList;
			buildConfigurations = (
				FD916221F74F4E0D8C9F3EBE /* Debug */,
				DA36D52CD63F42A5BAB8D59C /* Release */,
			);
			defaultConfigurationIsVisible = 0;
			defaultConfigurationName = Release;
		};
		A8D1B035231046C2B07B0769 /* Build configuration list for PBXNativeTarget "HazardDetection" */ = {
			isa = XCConfigurationList;
			buildConfigurations = (
				CBC692C7E3A747CF8EC40899 /* Debug */,
				E3EEBB8064B74C1A8EB9EEA9 /* Release */,
			);
			defaultConfigurationIsVisible = 0;
			defaultConfigurationName = Release;
		};
/* End XCConfigurationList section */

	};
	rootObject = 5DBD87B78BB8427F8F1A7B6B /* Project object */;
}
